
Microsoft Visual Studio Solution File, Format Version 12.00
# Visual Studio Version 17
VisualStudioVersion = 17.7.34031.279
MinimumVisualStudioVersion = 10.0.40219.1
Project("{8BC9CEB8-8B4A-11D0-8D11-00A0C91BC942}") = "Detyra 3.3 Paralelizuar", "Detyra 3.3 Paralelizuar.vcxproj", "{E94AEE69-7513-42F2-ACFE-C3B31FACDE03}"
EndProject
Global
	GlobalSection(SolutionConfigurationPlatforms) = preSolution
		Debug|x64 = Debug|x64
		Release|x64 = Release|x64
	EndGlobalSection
	GlobalSection(ProjectConfigurationPlatforms) = postSolution
		{E94AEE69-7513-42F2-ACFE-C3B31FACDE03}.Debug|x64.ActiveCfg = Debug|x64
		{E94AEE69-7513-42F2-ACFE-C3B31FACDE03}.Debug|x64.Build.0 = Debug|x64
		{E94AEE69-7513-42F2-ACFE-C3B31FACDE03}.Release|x64.ActiveCfg = Release|x64
		{E94AEE69-7513-42F2-ACFE-C3B31FACDE03}.Release|x64.Build.0 = Release|x64
	EndGlobalSection
	GlobalSection(SolutionProperties) = preSolution
		HideSolutionNode = FALSE
	EndGlobalSection
	GlobalSection(ExtensibilityGlobals) = postSolution
		SolutionGuid = {625E67DB-45E0-4135-AEDA-25D9726CB08D}
	EndGlobalSection
EndGlobal
